<?xml version="1.0" encoding="UTF-8"?>
<CodeBlocks_project_file>
	<FileVersion major="1" minor="6"/>
	<Project>
		<Option title="libhash"/>
		<Option makefile_is_custom="1"/>
		<Option compiler="gcc"/>
		<Option virtualFolders="CMake Files\;CMake Files\srcs\;CMake Files\srcs\lib\;CMake Files\srcs\lib\libft\;CMake Files\srcs\lib\libhash\;CMake Files\srcs\lib\vector\;"/>
		<Build>
			<Target title="all">
				<Option working_dir="/Users/nkertzma/Documents/42sh/srcs/lib/libhash"/>
				<Option type="4"/>
				<MakeCommands>
					<Build command="/usr/bin/make -f &quot;/Users/nkertzma/Documents/42sh/srcs/lib/libhash/Makefile&quot;  VERBOSE=1 all"/>
					<CompileFile command="/usr/bin/make -f &quot;/Users/nkertzma/Documents/42sh/srcs/lib/libhash/Makefile&quot;  VERBOSE=1 &quot;$file&quot;"/>
					<Clean command="/usr/bin/make -f &quot;/Users/nkertzma/Documents/42sh/srcs/lib/libhash/Makefile&quot;  VERBOSE=1 clean"/>
					<DistClean command="/usr/bin/make -f &quot;/Users/nkertzma/Documents/42sh/srcs/lib/libhash/Makefile&quot;  VERBOSE=1 clean"/>
				</MakeCommands>
			</Target>
			<Target title="hash">
				<Option output="/Users/nkertzma/Documents/42sh/srcs/lib/libhash/libhash.a" prefix_auto="0" extension_auto="0"/>
				<Option working_dir="/Users/nkertzma/Documents/42sh/srcs/lib/libhash"/>
				<Option object_output="./"/>
				<Option type="2"/>
				<Option compiler="gcc"/>
				<Compiler>
					<Add directory="/Users/nkertzma/Documents/42sh/includes"/>
					<Add directory="/Users/nkertzma/Documents/42sh/srcs/parser"/>
					<Add directory="/Users/nkertzma/Documents/42sh/srcs/lib/libft/includes"/>
					<Add directory="/Users/nkertzma/Documents/42sh/srcs/lib/libhash/includes"/>
					<Add directory="/Users/nkertzma/Documents/42sh/srcs/lib/vector/includes"/>
					<Add directory="/Users/nkertzma/Documents/42sh/srcs/lib/libhash/../libft/includes"/>
					<Add directory="/Users/nkertzma/Documents/42sh/srcs/lib/libhash/../../../includes"/>
				</Compiler>
				<MakeCommands>
					<Build command="/usr/bin/make -f &quot;/Users/nkertzma/Documents/42sh/srcs/lib/libhash/Makefile&quot;  VERBOSE=1 hash"/>
					<CompileFile command="/usr/bin/make -f &quot;/Users/nkertzma/Documents/42sh/srcs/lib/libhash/Makefile&quot;  VERBOSE=1 &quot;$file&quot;"/>
					<Clean command="/usr/bin/make -f &quot;/Users/nkertzma/Documents/42sh/srcs/lib/libhash/Makefile&quot;  VERBOSE=1 clean"/>
					<DistClean command="/usr/bin/make -f &quot;/Users/nkertzma/Documents/42sh/srcs/lib/libhash/Makefile&quot;  VERBOSE=1 clean"/>
				</MakeCommands>
			</Target>
			<Target title="hash/fast">
				<Option output="/Users/nkertzma/Documents/42sh/srcs/lib/libhash/libhash.a" prefix_auto="0" extension_auto="0"/>
				<Option working_dir="/Users/nkertzma/Documents/42sh/srcs/lib/libhash"/>
				<Option object_output="./"/>
				<Option type="2"/>
				<Option compiler="gcc"/>
				<Compiler>
					<Add directory="/Users/nkertzma/Documents/42sh/includes"/>
					<Add directory="/Users/nkertzma/Documents/42sh/srcs/parser"/>
					<Add directory="/Users/nkertzma/Documents/42sh/srcs/lib/libft/includes"/>
					<Add directory="/Users/nkertzma/Documents/42sh/srcs/lib/libhash/includes"/>
					<Add directory="/Users/nkertzma/Documents/42sh/srcs/lib/vector/includes"/>
					<Add directory="/Users/nkertzma/Documents/42sh/srcs/lib/libhash/../libft/includes"/>
					<Add directory="/Users/nkertzma/Documents/42sh/srcs/lib/libhash/../../../includes"/>
				</Compiler>
				<MakeCommands>
					<Build command="/usr/bin/make -f &quot;/Users/nkertzma/Documents/42sh/srcs/lib/libhash/Makefile&quot;  VERBOSE=1 hash/fast"/>
					<CompileFile command="/usr/bin/make -f &quot;/Users/nkertzma/Documents/42sh/srcs/lib/libhash/Makefile&quot;  VERBOSE=1 &quot;$file&quot;"/>
					<Clean command="/usr/bin/make -f &quot;/Users/nkertzma/Documents/42sh/srcs/lib/libhash/Makefile&quot;  VERBOSE=1 clean"/>
					<DistClean command="/usr/bin/make -f &quot;/Users/nkertzma/Documents/42sh/srcs/lib/libhash/Makefile&quot;  VERBOSE=1 clean"/>
				</MakeCommands>
			</Target>
		</Build>
		<Unit filename="/Users/nkertzma/Documents/42sh/srcs/lib/libhash/srcs/hash_clean.c">
			<Option target="hash"/>
		</Unit>
		<Unit filename="/Users/nkertzma/Documents/42sh/srcs/lib/libhash/srcs/hash_delete.c">
			<Option target="hash"/>
		</Unit>
		<Unit filename="/Users/nkertzma/Documents/42sh/srcs/lib/libhash/srcs/hash_find.c">
			<Option target="hash"/>
		</Unit>
		<Unit filename="/Users/nkertzma/Documents/42sh/srcs/lib/libhash/srcs/hash_foreach.c">
			<Option target="hash"/>
		</Unit>
		<Unit filename="/Users/nkertzma/Documents/42sh/srcs/lib/libhash/srcs/hash_index.c">
			<Option target="hash"/>
		</Unit>
		<Unit filename="/Users/nkertzma/Documents/42sh/srcs/lib/libhash/srcs/hash_init.c">
			<Option target="hash"/>
		</Unit>
		<Unit filename="/Users/nkertzma/Documents/42sh/srcs/lib/libhash/srcs/hash_insert.c">
			<Option target="hash"/>
		</Unit>
		<Unit filename="/Users/nkertzma/Documents/42sh/srcs/lib/libhash/srcs/hash_print.c">
			<Option target="hash"/>
		</Unit>
		<Unit filename="/Users/nkertzma/Documents/42sh/srcs/lib/libhash/srcs/hash_test.c">
			<Option target="hash"/>
		</Unit>
		<Unit filename="/Users/nkertzma/Documents/42sh/CMakeLists.txt">
			<Option virtualFolder="CMake Files\"/>
		</Unit>
		<Unit filename="/Users/nkertzma/Documents/42sh/srcs/lib/libft/CMakeLists.txt">
			<Option virtualFolder="CMake Files\srcs\lib\libft\"/>
		</Unit>
		<Unit filename="/Users/nkertzma/Documents/42sh/srcs/lib/libhash/CMakeLists.txt">
			<Option virtualFolder="CMake Files\srcs\lib\libhash\"/>
		</Unit>
		<Unit filename="/Users/nkertzma/Documents/42sh/srcs/lib/vector/CMakeLists.txt">
			<Option virtualFolder="CMake Files\srcs\lib\vector\"/>
		</Unit>
	</Project>
</CodeBlocks_project_file>
