<?xml version="1.0" encoding="UTF-8"?>
<CodeBlocks_project_file>
	<FileVersion major="1" minor="6"/>
	<Project>
		<Option title="libshell"/>
		<Option makefile_is_custom="1"/>
		<Option compiler="gcc"/>
		<Option virtualFolders="CMake Files\;CMake Files\srcs\;CMake Files\srcs\lib\;CMake Files\srcs\lib\libft\;CMake Files\srcs\lib\libhash\;CMake Files\srcs\lib\libstring\;CMake Files\srcs\lib\vector\;CMake Files\srcs\lib\libshell\;"/>
		<Build>
			<Target title="all">
				<Option working_dir="/Users/nkertzma/Documents/42sh/srcs/lib/libshell"/>
				<Option type="4"/>
				<MakeCommands>
					<Build command="/usr/bin/make -f &quot;/Users/nkertzma/Documents/42sh/srcs/lib/libshell/Makefile&quot;  VERBOSE=1 all"/>
					<CompileFile command="/usr/bin/make -f &quot;/Users/nkertzma/Documents/42sh/srcs/lib/libshell/Makefile&quot;  VERBOSE=1 &quot;$file&quot;"/>
					<Clean command="/usr/bin/make -f &quot;/Users/nkertzma/Documents/42sh/srcs/lib/libshell/Makefile&quot;  VERBOSE=1 clean"/>
					<DistClean command="/usr/bin/make -f &quot;/Users/nkertzma/Documents/42sh/srcs/lib/libshell/Makefile&quot;  VERBOSE=1 clean"/>
				</MakeCommands>
			</Target>
			<Target title="shell">
				<Option output="/Users/nkertzma/Documents/42sh/srcs/lib/libshell/libshell.a" prefix_auto="0" extension_auto="0"/>
				<Option working_dir="/Users/nkertzma/Documents/42sh/srcs/lib/libshell"/>
				<Option object_output="./"/>
				<Option type="2"/>
				<Option compiler="gcc"/>
				<Compiler>
					<Add directory="/Users/nkertzma/Documents/42sh/includes"/>
					<Add directory="/Users/nkertzma/Documents/42sh/srcs/parser"/>
					<Add directory="/Users/nkertzma/Documents/42sh/srcs/lib/libft/includes"/>
					<Add directory="/Users/nkertzma/Documents/42sh/srcs/lib/libhash/includes"/>
					<Add directory="/Users/nkertzma/Documents/42sh/srcs/lib/libstring/includes"/>
					<Add directory="/Users/nkertzma/Documents/42sh/srcs/lib/vector/includes"/>
					<Add directory="/Users/nkertzma/Documents/42sh/srcs/lib/libshell/../../../includes"/>
					<Add directory="/Users/nkertzma/Documents/42sh/srcs/lib/libshell/../libft/includes"/>
					<Add directory="/Users/nkertzma/Documents/42sh/srcs/lib/libshell/../libhash/includes"/>
				</Compiler>
				<MakeCommands>
					<Build command="/usr/bin/make -f &quot;/Users/nkertzma/Documents/42sh/srcs/lib/libshell/Makefile&quot;  VERBOSE=1 shell"/>
					<CompileFile command="/usr/bin/make -f &quot;/Users/nkertzma/Documents/42sh/srcs/lib/libshell/Makefile&quot;  VERBOSE=1 &quot;$file&quot;"/>
					<Clean command="/usr/bin/make -f &quot;/Users/nkertzma/Documents/42sh/srcs/lib/libshell/Makefile&quot;  VERBOSE=1 clean"/>
					<DistClean command="/usr/bin/make -f &quot;/Users/nkertzma/Documents/42sh/srcs/lib/libshell/Makefile&quot;  VERBOSE=1 clean"/>
				</MakeCommands>
			</Target>
			<Target title="shell/fast">
				<Option output="/Users/nkertzma/Documents/42sh/srcs/lib/libshell/libshell.a" prefix_auto="0" extension_auto="0"/>
				<Option working_dir="/Users/nkertzma/Documents/42sh/srcs/lib/libshell"/>
				<Option object_output="./"/>
				<Option type="2"/>
				<Option compiler="gcc"/>
				<Compiler>
					<Add directory="/Users/nkertzma/Documents/42sh/includes"/>
					<Add directory="/Users/nkertzma/Documents/42sh/srcs/parser"/>
					<Add directory="/Users/nkertzma/Documents/42sh/srcs/lib/libft/includes"/>
					<Add directory="/Users/nkertzma/Documents/42sh/srcs/lib/libhash/includes"/>
					<Add directory="/Users/nkertzma/Documents/42sh/srcs/lib/libstring/includes"/>
					<Add directory="/Users/nkertzma/Documents/42sh/srcs/lib/vector/includes"/>
					<Add directory="/Users/nkertzma/Documents/42sh/srcs/lib/libshell/../../../includes"/>
					<Add directory="/Users/nkertzma/Documents/42sh/srcs/lib/libshell/../libft/includes"/>
					<Add directory="/Users/nkertzma/Documents/42sh/srcs/lib/libshell/../libhash/includes"/>
				</Compiler>
				<MakeCommands>
					<Build command="/usr/bin/make -f &quot;/Users/nkertzma/Documents/42sh/srcs/lib/libshell/Makefile&quot;  VERBOSE=1 shell/fast"/>
					<CompileFile command="/usr/bin/make -f &quot;/Users/nkertzma/Documents/42sh/srcs/lib/libshell/Makefile&quot;  VERBOSE=1 &quot;$file&quot;"/>
					<Clean command="/usr/bin/make -f &quot;/Users/nkertzma/Documents/42sh/srcs/lib/libshell/Makefile&quot;  VERBOSE=1 clean"/>
					<DistClean command="/usr/bin/make -f &quot;/Users/nkertzma/Documents/42sh/srcs/lib/libshell/Makefile&quot;  VERBOSE=1 clean"/>
				</MakeCommands>
			</Target>
		</Build>
		<Unit filename="/Users/nkertzma/Documents/42sh/srcs/lib/libshell/srcs/check_varname.c">
			<Option target="shell"/>
		</Unit>
		<Unit filename="/Users/nkertzma/Documents/42sh/srcs/lib/libshell/srcs/die.c">
			<Option target="shell"/>
		</Unit>
		<Unit filename="/Users/nkertzma/Documents/42sh/srcs/lib/libshell/srcs/free_str_arr.c">
			<Option target="shell"/>
		</Unit>
		<Unit filename="/Users/nkertzma/Documents/42sh/srcs/lib/libshell/srcs/glob.c">
			<Option target="shell"/>
		</Unit>
		<Unit filename="/Users/nkertzma/Documents/42sh/srcs/lib/libshell/srcs/match.c">
			<Option target="shell"/>
		</Unit>
		<Unit filename="/Users/nkertzma/Documents/42sh/srcs/lib/libshell/srcs/sgetenv.c">
			<Option target="shell"/>
		</Unit>
		<Unit filename="/Users/nkertzma/Documents/42sh/srcs/lib/libshell/srcs/sputerr.c">
			<Option target="shell"/>
		</Unit>
		<Unit filename="/Users/nkertzma/Documents/42sh/srcs/lib/libshell/srcs/ssetenv.c">
			<Option target="shell"/>
		</Unit>
		<Unit filename="/Users/nkertzma/Documents/42sh/srcs/lib/libshell/srcs/sstrerr.c">
			<Option target="shell"/>
		</Unit>
		<Unit filename="/Users/nkertzma/Documents/42sh/srcs/lib/libshell/srcs/sunsetenv.c">
			<Option target="shell"/>
		</Unit>
		<Unit filename="/Users/nkertzma/Documents/42sh/CMakeLists.txt">
			<Option virtualFolder="CMake Files\"/>
		</Unit>
		<Unit filename="/Users/nkertzma/Documents/42sh/srcs/lib/libft/CMakeLists.txt">
			<Option virtualFolder="CMake Files\srcs\lib\libft\"/>
		</Unit>
		<Unit filename="/Users/nkertzma/Documents/42sh/srcs/lib/libhash/CMakeLists.txt">
			<Option virtualFolder="CMake Files\srcs\lib\libhash\"/>
		</Unit>
		<Unit filename="/Users/nkertzma/Documents/42sh/srcs/lib/libstring/CMakeLists.txt">
			<Option virtualFolder="CMake Files\srcs\lib\libstring\"/>
		</Unit>
		<Unit filename="/Users/nkertzma/Documents/42sh/srcs/lib/vector/CMakeLists.txt">
			<Option virtualFolder="CMake Files\srcs\lib\vector\"/>
		</Unit>
		<Unit filename="/Users/nkertzma/Documents/42sh/srcs/lib/libshell/CMakeLists.txt">
			<Option virtualFolder="CMake Files\srcs\lib\libshell\"/>
		</Unit>
	</Project>
</CodeBlocks_project_file>
