<?xml version="1.0" encoding="UTF-8"?>
<CodeBlocks_project_file>
	<FileVersion major="1" minor="6"/>
	<Project>
		<Option title="libft"/>
		<Option makefile_is_custom="1"/>
		<Option compiler="gcc"/>
		<Option virtualFolders="CMake Files\;CMake Files\srcs\;CMake Files\srcs\lib\;CMake Files\srcs\lib\libft\;CMake Files\srcs\lib\libhash\;CMake Files\srcs\lib\vector\;CMake Files\srcs\lib\libshell\;"/>
		<Build>
			<Target title="all">
				<Option working_dir="/Users/narchiba/CLionProjects/42sh/srcs/lib/libft"/>
				<Option type="4"/>
				<MakeCommands>
					<Build command="/usr/bin/make -f &quot;/Users/narchiba/CLionProjects/42sh/srcs/lib/libft/Makefile&quot;  VERBOSE=1 all"/>
					<CompileFile command="/usr/bin/make -f &quot;/Users/narchiba/CLionProjects/42sh/srcs/lib/libft/Makefile&quot;  VERBOSE=1 &quot;$file&quot;"/>
					<Clean command="/usr/bin/make -f &quot;/Users/narchiba/CLionProjects/42sh/srcs/lib/libft/Makefile&quot;  VERBOSE=1 clean"/>
					<DistClean command="/usr/bin/make -f &quot;/Users/narchiba/CLionProjects/42sh/srcs/lib/libft/Makefile&quot;  VERBOSE=1 clean"/>
				</MakeCommands>
			</Target>
			<Target title="ft">
				<Option output="/Users/narchiba/CLionProjects/42sh/srcs/lib/libft/libft.a" prefix_auto="0" extension_auto="0"/>
				<Option working_dir="/Users/narchiba/CLionProjects/42sh/srcs/lib/libft"/>
				<Option object_output="./"/>
				<Option type="2"/>
				<Option compiler="gcc"/>
				<Compiler>
					<Add directory="/Users/narchiba/ClionProjects/42sh/includes"/>
					<Add directory="/Users/narchiba/ClionProjects/42sh/srcs/parser"/>
					<Add directory="/Users/narchiba/ClionProjects/42sh/srcs/lib/libft/includes"/>
					<Add directory="/Users/narchiba/ClionProjects/42sh/srcs/lib/libhash/includes"/>
					<Add directory="/Users/narchiba/ClionProjects/42sh/srcs/lib/vector/includes"/>
				</Compiler>
				<MakeCommands>
					<Build command="/usr/bin/make -f &quot;/Users/narchiba/CLionProjects/42sh/srcs/lib/libft/Makefile&quot;  VERBOSE=1 ft"/>
					<CompileFile command="/usr/bin/make -f &quot;/Users/narchiba/CLionProjects/42sh/srcs/lib/libft/Makefile&quot;  VERBOSE=1 &quot;$file&quot;"/>
					<Clean command="/usr/bin/make -f &quot;/Users/narchiba/CLionProjects/42sh/srcs/lib/libft/Makefile&quot;  VERBOSE=1 clean"/>
					<DistClean command="/usr/bin/make -f &quot;/Users/narchiba/CLionProjects/42sh/srcs/lib/libft/Makefile&quot;  VERBOSE=1 clean"/>
				</MakeCommands>
			</Target>
			<Target title="ft/fast">
				<Option output="/Users/narchiba/CLionProjects/42sh/srcs/lib/libft/libft.a" prefix_auto="0" extension_auto="0"/>
				<Option working_dir="/Users/narchiba/CLionProjects/42sh/srcs/lib/libft"/>
				<Option object_output="./"/>
				<Option type="2"/>
				<Option compiler="gcc"/>
				<Compiler>
					<Add directory="/Users/narchiba/ClionProjects/42sh/includes"/>
					<Add directory="/Users/narchiba/ClionProjects/42sh/srcs/parser"/>
					<Add directory="/Users/narchiba/ClionProjects/42sh/srcs/lib/libft/includes"/>
					<Add directory="/Users/narchiba/ClionProjects/42sh/srcs/lib/libhash/includes"/>
					<Add directory="/Users/narchiba/ClionProjects/42sh/srcs/lib/vector/includes"/>
				</Compiler>
				<MakeCommands>
					<Build command="/usr/bin/make -f &quot;/Users/narchiba/CLionProjects/42sh/srcs/lib/libft/Makefile&quot;  VERBOSE=1 ft/fast"/>
					<CompileFile command="/usr/bin/make -f &quot;/Users/narchiba/CLionProjects/42sh/srcs/lib/libft/Makefile&quot;  VERBOSE=1 &quot;$file&quot;"/>
					<Clean command="/usr/bin/make -f &quot;/Users/narchiba/CLionProjects/42sh/srcs/lib/libft/Makefile&quot;  VERBOSE=1 clean"/>
					<DistClean command="/usr/bin/make -f &quot;/Users/narchiba/CLionProjects/42sh/srcs/lib/libft/Makefile&quot;  VERBOSE=1 clean"/>
				</MakeCommands>
			</Target>
		</Build>
		<Unit filename="/Users/narchiba/ClionProjects/42sh/srcs/lib/libft/srcs/fatal_error.c">
			<Option target="ft"/>
		</Unit>
		<Unit filename="/Users/narchiba/ClionProjects/42sh/srcs/lib/libft/srcs/ft_atoi.c">
			<Option target="ft"/>
		</Unit>
		<Unit filename="/Users/narchiba/ClionProjects/42sh/srcs/lib/libft/srcs/ft_atoi_base.c">
			<Option target="ft"/>
		</Unit>
		<Unit filename="/Users/narchiba/ClionProjects/42sh/srcs/lib/libft/srcs/ft_btree_count.c">
			<Option target="ft"/>
		</Unit>
		<Unit filename="/Users/narchiba/ClionProjects/42sh/srcs/lib/libft/srcs/ft_btree_del.c">
			<Option target="ft"/>
		</Unit>
		<Unit filename="/Users/narchiba/ClionProjects/42sh/srcs/lib/libft/srcs/ft_btree_infix.c">
			<Option target="ft"/>
		</Unit>
		<Unit filename="/Users/narchiba/ClionProjects/42sh/srcs/lib/libft/srcs/ft_btree_ins.c">
			<Option target="ft"/>
		</Unit>
		<Unit filename="/Users/narchiba/ClionProjects/42sh/srcs/lib/libft/srcs/ft_btree_new.c">
			<Option target="ft"/>
		</Unit>
		<Unit filename="/Users/narchiba/ClionProjects/42sh/srcs/lib/libft/srcs/ft_btree_prefix.c">
			<Option target="ft"/>
		</Unit>
		<Unit filename="/Users/narchiba/ClionProjects/42sh/srcs/lib/libft/srcs/ft_btree_search.c">
			<Option target="ft"/>
		</Unit>
		<Unit filename="/Users/narchiba/ClionProjects/42sh/srcs/lib/libft/srcs/ft_btree_sort.c">
			<Option target="ft"/>
		</Unit>
		<Unit filename="/Users/narchiba/ClionProjects/42sh/srcs/lib/libft/srcs/ft_btree_suffix.c">
			<Option target="ft"/>
		</Unit>
		<Unit filename="/Users/narchiba/ClionProjects/42sh/srcs/lib/libft/srcs/ft_bzero.c">
			<Option target="ft"/>
		</Unit>
		<Unit filename="/Users/narchiba/ClionProjects/42sh/srcs/lib/libft/srcs/ft_charsize.c">
			<Option target="ft"/>
		</Unit>
		<Unit filename="/Users/narchiba/ClionProjects/42sh/srcs/lib/libft/srcs/ft_err_msg.c">
			<Option target="ft"/>
		</Unit>
		<Unit filename="/Users/narchiba/ClionProjects/42sh/srcs/lib/libft/srcs/ft_free.c">
			<Option target="ft"/>
		</Unit>
		<Unit filename="/Users/narchiba/ClionProjects/42sh/srcs/lib/libft/srcs/ft_isalnum.c">
			<Option target="ft"/>
		</Unit>
		<Unit filename="/Users/narchiba/ClionProjects/42sh/srcs/lib/libft/srcs/ft_isalpha.c">
			<Option target="ft"/>
		</Unit>
		<Unit filename="/Users/narchiba/ClionProjects/42sh/srcs/lib/libft/srcs/ft_isascii.c">
			<Option target="ft"/>
		</Unit>
		<Unit filename="/Users/narchiba/ClionProjects/42sh/srcs/lib/libft/srcs/ft_isblank.c">
			<Option target="ft"/>
		</Unit>
		<Unit filename="/Users/narchiba/ClionProjects/42sh/srcs/lib/libft/srcs/ft_iscntrl.c">
			<Option target="ft"/>
		</Unit>
		<Unit filename="/Users/narchiba/ClionProjects/42sh/srcs/lib/libft/srcs/ft_isdigit.c">
			<Option target="ft"/>
		</Unit>
		<Unit filename="/Users/narchiba/ClionProjects/42sh/srcs/lib/libft/srcs/ft_isgraph.c">
			<Option target="ft"/>
		</Unit>
		<Unit filename="/Users/narchiba/ClionProjects/42sh/srcs/lib/libft/srcs/ft_islower.c">
			<Option target="ft"/>
		</Unit>
		<Unit filename="/Users/narchiba/ClionProjects/42sh/srcs/lib/libft/srcs/ft_isprint.c">
			<Option target="ft"/>
		</Unit>
		<Unit filename="/Users/narchiba/ClionProjects/42sh/srcs/lib/libft/srcs/ft_isspace.c">
			<Option target="ft"/>
		</Unit>
		<Unit filename="/Users/narchiba/ClionProjects/42sh/srcs/lib/libft/srcs/ft_isupper.c">
			<Option target="ft"/>
		</Unit>
		<Unit filename="/Users/narchiba/ClionProjects/42sh/srcs/lib/libft/srcs/ft_isxdigit.c">
			<Option target="ft"/>
		</Unit>
		<Unit filename="/Users/narchiba/ClionProjects/42sh/srcs/lib/libft/srcs/ft_itoa.c">
			<Option target="ft"/>
		</Unit>
		<Unit filename="/Users/narchiba/ClionProjects/42sh/srcs/lib/libft/srcs/ft_itoa_base.c">
			<Option target="ft"/>
		</Unit>
		<Unit filename="/Users/narchiba/ClionProjects/42sh/srcs/lib/libft/srcs/ft_joinvect.c">
			<Option target="ft"/>
		</Unit>
		<Unit filename="/Users/narchiba/ClionProjects/42sh/srcs/lib/libft/srcs/ft_listdel.c">
			<Option target="ft"/>
		</Unit>
		<Unit filename="/Users/narchiba/ClionProjects/42sh/srcs/lib/libft/srcs/ft_listlast.c">
			<Option target="ft"/>
		</Unit>
		<Unit filename="/Users/narchiba/ClionProjects/42sh/srcs/lib/libft/srcs/ft_listnew.c">
			<Option target="ft"/>
		</Unit>
		<Unit filename="/Users/narchiba/ClionProjects/42sh/srcs/lib/libft/srcs/ft_ltoa.c">
			<Option target="ft"/>
		</Unit>
		<Unit filename="/Users/narchiba/ClionProjects/42sh/srcs/lib/libft/srcs/ft_memalloc.c">
			<Option target="ft"/>
		</Unit>
		<Unit filename="/Users/narchiba/ClionProjects/42sh/srcs/lib/libft/srcs/ft_memccpy.c">
			<Option target="ft"/>
		</Unit>
		<Unit filename="/Users/narchiba/ClionProjects/42sh/srcs/lib/libft/srcs/ft_memchr.c">
			<Option target="ft"/>
		</Unit>
		<Unit filename="/Users/narchiba/ClionProjects/42sh/srcs/lib/libft/srcs/ft_memcmp.c">
			<Option target="ft"/>
		</Unit>
		<Unit filename="/Users/narchiba/ClionProjects/42sh/srcs/lib/libft/srcs/ft_memcpy.c">
			<Option target="ft"/>
		</Unit>
		<Unit filename="/Users/narchiba/ClionProjects/42sh/srcs/lib/libft/srcs/ft_memdel.c">
			<Option target="ft"/>
		</Unit>
		<Unit filename="/Users/narchiba/ClionProjects/42sh/srcs/lib/libft/srcs/ft_memdup.c">
			<Option target="ft"/>
		</Unit>
		<Unit filename="/Users/narchiba/ClionProjects/42sh/srcs/lib/libft/srcs/ft_memmove.c">
			<Option target="ft"/>
		</Unit>
		<Unit filename="/Users/narchiba/ClionProjects/42sh/srcs/lib/libft/srcs/ft_memset.c">
			<Option target="ft"/>
		</Unit>
		<Unit filename="/Users/narchiba/ClionProjects/42sh/srcs/lib/libft/srcs/ft_numlen.c">
			<Option target="ft"/>
		</Unit>
		<Unit filename="/Users/narchiba/ClionProjects/42sh/srcs/lib/libft/srcs/ft_pathadd.c">
			<Option target="ft"/>
		</Unit>
		<Unit filename="/Users/narchiba/ClionProjects/42sh/srcs/lib/libft/srcs/ft_pop.c">
			<Option target="ft"/>
		</Unit>
		<Unit filename="/Users/narchiba/ClionProjects/42sh/srcs/lib/libft/srcs/ft_pow.c">
			<Option target="ft"/>
		</Unit>
		<Unit filename="/Users/narchiba/ClionProjects/42sh/srcs/lib/libft/srcs/ft_push.c">
			<Option target="ft"/>
		</Unit>
		<Unit filename="/Users/narchiba/ClionProjects/42sh/srcs/lib/libft/srcs/ft_push_back.c">
			<Option target="ft"/>
		</Unit>
		<Unit filename="/Users/narchiba/ClionProjects/42sh/srcs/lib/libft/srcs/ft_putchar.c">
			<Option target="ft"/>
		</Unit>
		<Unit filename="/Users/narchiba/ClionProjects/42sh/srcs/lib/libft/srcs/ft_putchar_fd.c">
			<Option target="ft"/>
		</Unit>
		<Unit filename="/Users/narchiba/ClionProjects/42sh/srcs/lib/libft/srcs/ft_putendl.c">
			<Option target="ft"/>
		</Unit>
		<Unit filename="/Users/narchiba/ClionProjects/42sh/srcs/lib/libft/srcs/ft_putendl_fd.c">
			<Option target="ft"/>
		</Unit>
		<Unit filename="/Users/narchiba/ClionProjects/42sh/srcs/lib/libft/srcs/ft_putnbr.c">
			<Option target="ft"/>
		</Unit>
		<Unit filename="/Users/narchiba/ClionProjects/42sh/srcs/lib/libft/srcs/ft_putnbr_fd.c">
			<Option target="ft"/>
		</Unit>
		<Unit filename="/Users/narchiba/ClionProjects/42sh/srcs/lib/libft/srcs/ft_putnbrendl.c">
			<Option target="ft"/>
		</Unit>
		<Unit filename="/Users/narchiba/ClionProjects/42sh/srcs/lib/libft/srcs/ft_putnchr.c">
			<Option target="ft"/>
		</Unit>
		<Unit filename="/Users/narchiba/ClionProjects/42sh/srcs/lib/libft/srcs/ft_putstr.c">
			<Option target="ft"/>
		</Unit>
		<Unit filename="/Users/narchiba/ClionProjects/42sh/srcs/lib/libft/srcs/ft_putstr_fd.c">
			<Option target="ft"/>
		</Unit>
		<Unit filename="/Users/narchiba/ClionProjects/42sh/srcs/lib/libft/srcs/ft_rb_tree_delete.c">
			<Option target="ft"/>
		</Unit>
		<Unit filename="/Users/narchiba/ClionProjects/42sh/srcs/lib/libft/srcs/ft_rb_tree_find.c">
			<Option target="ft"/>
		</Unit>
		<Unit filename="/Users/narchiba/ClionProjects/42sh/srcs/lib/libft/srcs/ft_rb_tree_insert.c">
			<Option target="ft"/>
		</Unit>
		<Unit filename="/Users/narchiba/ClionProjects/42sh/srcs/lib/libft/srcs/ft_rb_tree_maximum.c">
			<Option target="ft"/>
		</Unit>
		<Unit filename="/Users/narchiba/ClionProjects/42sh/srcs/lib/libft/srcs/ft_rb_tree_minimum.c">
			<Option target="ft"/>
		</Unit>
		<Unit filename="/Users/narchiba/ClionProjects/42sh/srcs/lib/libft/srcs/ft_rb_tree_rotate_left.c">
			<Option target="ft"/>
		</Unit>
		<Unit filename="/Users/narchiba/ClionProjects/42sh/srcs/lib/libft/srcs/ft_rb_tree_rotate_right.c">
			<Option target="ft"/>
		</Unit>
		<Unit filename="/Users/narchiba/ClionProjects/42sh/srcs/lib/libft/srcs/ft_rb_tree_traversal_inorder.c">
			<Option target="ft"/>
		</Unit>
		<Unit filename="/Users/narchiba/ClionProjects/42sh/srcs/lib/libft/srcs/ft_rb_tree_traversal_postorder.c">
			<Option target="ft"/>
		</Unit>
		<Unit filename="/Users/narchiba/ClionProjects/42sh/srcs/lib/libft/srcs/ft_rb_tree_traversal_preorder.c">
			<Option target="ft"/>
		</Unit>
		<Unit filename="/Users/narchiba/ClionProjects/42sh/srcs/lib/libft/srcs/ft_str_is_alpha.c">
			<Option target="ft"/>
		</Unit>
		<Unit filename="/Users/narchiba/ClionProjects/42sh/srcs/lib/libft/srcs/ft_str_is_lowercase.c">
			<Option target="ft"/>
		</Unit>
		<Unit filename="/Users/narchiba/ClionProjects/42sh/srcs/lib/libft/srcs/ft_str_is_number.c">
			<Option target="ft"/>
		</Unit>
		<Unit filename="/Users/narchiba/ClionProjects/42sh/srcs/lib/libft/srcs/ft_str_is_numeric.c">
			<Option target="ft"/>
		</Unit>
		<Unit filename="/Users/narchiba/ClionProjects/42sh/srcs/lib/libft/srcs/ft_str_is_printable.c">
			<Option target="ft"/>
		</Unit>
		<Unit filename="/Users/narchiba/ClionProjects/42sh/srcs/lib/libft/srcs/ft_str_is_uppercase.c">
			<Option target="ft"/>
		</Unit>
		<Unit filename="/Users/narchiba/ClionProjects/42sh/srcs/lib/libft/srcs/ft_stradd.c">
			<Option target="ft"/>
		</Unit>
		<Unit filename="/Users/narchiba/ClionProjects/42sh/srcs/lib/libft/srcs/ft_strcat.c">
			<Option target="ft"/>
		</Unit>
		<Unit filename="/Users/narchiba/ClionProjects/42sh/srcs/lib/libft/srcs/ft_strchr.c">
			<Option target="ft"/>
		</Unit>
		<Unit filename="/Users/narchiba/ClionProjects/42sh/srcs/lib/libft/srcs/ft_strclr.c">
			<Option target="ft"/>
		</Unit>
		<Unit filename="/Users/narchiba/ClionProjects/42sh/srcs/lib/libft/srcs/ft_strcmp.c">
			<Option target="ft"/>
		</Unit>
		<Unit filename="/Users/narchiba/ClionProjects/42sh/srcs/lib/libft/srcs/ft_strcolor.c">
			<Option target="ft"/>
		</Unit>
		<Unit filename="/Users/narchiba/ClionProjects/42sh/srcs/lib/libft/srcs/ft_strcpy.c">
			<Option target="ft"/>
		</Unit>
		<Unit filename="/Users/narchiba/ClionProjects/42sh/srcs/lib/libft/srcs/ft_strdel.c">
			<Option target="ft"/>
		</Unit>
		<Unit filename="/Users/narchiba/ClionProjects/42sh/srcs/lib/libft/srcs/ft_strdup.c">
			<Option target="ft"/>
		</Unit>
		<Unit filename="/Users/narchiba/ClionProjects/42sh/srcs/lib/libft/srcs/ft_strequ.c">
			<Option target="ft"/>
		</Unit>
		<Unit filename="/Users/narchiba/ClionProjects/42sh/srcs/lib/libft/srcs/ft_striter.c">
			<Option target="ft"/>
		</Unit>
		<Unit filename="/Users/narchiba/ClionProjects/42sh/srcs/lib/libft/srcs/ft_striteri.c">
			<Option target="ft"/>
		</Unit>
		<Unit filename="/Users/narchiba/ClionProjects/42sh/srcs/lib/libft/srcs/ft_strjoin.c">
			<Option target="ft"/>
		</Unit>
		<Unit filename="/Users/narchiba/ClionProjects/42sh/srcs/lib/libft/srcs/ft_strlcat.c">
			<Option target="ft"/>
		</Unit>
		<Unit filename="/Users/narchiba/ClionProjects/42sh/srcs/lib/libft/srcs/ft_strlen.c">
			<Option target="ft"/>
		</Unit>
		<Unit filename="/Users/narchiba/ClionProjects/42sh/srcs/lib/libft/srcs/ft_strlowcase.c">
			<Option target="ft"/>
		</Unit>
		<Unit filename="/Users/narchiba/ClionProjects/42sh/srcs/lib/libft/srcs/ft_strmap.c">
			<Option target="ft"/>
		</Unit>
		<Unit filename="/Users/narchiba/ClionProjects/42sh/srcs/lib/libft/srcs/ft_strmapi.c">
			<Option target="ft"/>
		</Unit>
		<Unit filename="/Users/narchiba/ClionProjects/42sh/srcs/lib/libft/srcs/ft_strncat.c">
			<Option target="ft"/>
		</Unit>
		<Unit filename="/Users/narchiba/ClionProjects/42sh/srcs/lib/libft/srcs/ft_strncmp.c">
			<Option target="ft"/>
		</Unit>
		<Unit filename="/Users/narchiba/ClionProjects/42sh/srcs/lib/libft/srcs/ft_strncpy.c">
			<Option target="ft"/>
		</Unit>
		<Unit filename="/Users/narchiba/ClionProjects/42sh/srcs/lib/libft/srcs/ft_strndup.c">
			<Option target="ft"/>
		</Unit>
		<Unit filename="/Users/narchiba/ClionProjects/42sh/srcs/lib/libft/srcs/ft_strnequ.c">
			<Option target="ft"/>
		</Unit>
		<Unit filename="/Users/narchiba/ClionProjects/42sh/srcs/lib/libft/srcs/ft_strnew.c">
			<Option target="ft"/>
		</Unit>
		<Unit filename="/Users/narchiba/ClionProjects/42sh/srcs/lib/libft/srcs/ft_strnstr.c">
			<Option target="ft"/>
		</Unit>
		<Unit filename="/Users/narchiba/ClionProjects/42sh/srcs/lib/libft/srcs/ft_strnum.c">
			<Option target="ft"/>
		</Unit>
		<Unit filename="/Users/narchiba/ClionProjects/42sh/srcs/lib/libft/srcs/ft_strnum_base.c">
			<Option target="ft"/>
		</Unit>
		<Unit filename="/Users/narchiba/ClionProjects/42sh/srcs/lib/libft/srcs/ft_strrchr.c">
			<Option target="ft"/>
		</Unit>
		<Unit filename="/Users/narchiba/ClionProjects/42sh/srcs/lib/libft/srcs/ft_strrev.c">
			<Option target="ft"/>
		</Unit>
		<Unit filename="/Users/narchiba/ClionProjects/42sh/srcs/lib/libft/srcs/ft_strsplit.c">
			<Option target="ft"/>
		</Unit>
		<Unit filename="/Users/narchiba/ClionProjects/42sh/srcs/lib/libft/srcs/ft_strstr.c">
			<Option target="ft"/>
		</Unit>
		<Unit filename="/Users/narchiba/ClionProjects/42sh/srcs/lib/libft/srcs/ft_strsub.c">
			<Option target="ft"/>
		</Unit>
		<Unit filename="/Users/narchiba/ClionProjects/42sh/srcs/lib/libft/srcs/ft_strtrim.c">
			<Option target="ft"/>
		</Unit>
		<Unit filename="/Users/narchiba/ClionProjects/42sh/srcs/lib/libft/srcs/ft_strupcase.c">
			<Option target="ft"/>
		</Unit>
		<Unit filename="/Users/narchiba/ClionProjects/42sh/srcs/lib/libft/srcs/ft_tolower.c">
			<Option target="ft"/>
		</Unit>
		<Unit filename="/Users/narchiba/ClionProjects/42sh/srcs/lib/libft/srcs/ft_toupper.c">
			<Option target="ft"/>
		</Unit>
		<Unit filename="/Users/narchiba/ClionProjects/42sh/srcs/lib/libft/srcs/get_next_line.c">
			<Option target="ft"/>
		</Unit>
		<Unit filename="/Users/narchiba/ClionProjects/42sh/srcs/lib/libft/srcs/xmalloc.c">
			<Option target="ft"/>
		</Unit>
		<Unit filename="/Users/narchiba/ClionProjects/42sh/srcs/lib/libft/srcs/xrealloc.c">
			<Option target="ft"/>
		</Unit>
		<Unit filename="/Users/narchiba/ClionProjects/42sh/CMakeLists.txt">
			<Option virtualFolder="CMake Files\"/>
		</Unit>
		<Unit filename="/Users/narchiba/ClionProjects/42sh/srcs/lib/libft/CMakeLists.txt">
			<Option virtualFolder="CMake Files\srcs\lib\libft\"/>
		</Unit>
		<Unit filename="/Users/narchiba/ClionProjects/42sh/srcs/lib/libhash/CMakeLists.txt">
			<Option virtualFolder="CMake Files\srcs\lib\libhash\"/>
		</Unit>
		<Unit filename="/Users/narchiba/ClionProjects/42sh/srcs/lib/vector/CMakeLists.txt">
			<Option virtualFolder="CMake Files\srcs\lib\vector\"/>
		</Unit>
		<Unit filename="/Users/narchiba/ClionProjects/42sh/srcs/lib/libshell/CMakeLists.txt">
			<Option virtualFolder="CMake Files\srcs\lib\libshell\"/>
		</Unit>
	</Project>
</CodeBlocks_project_file>
