<?xml version="1.0" encoding="UTF-8"?>
<CodeBlocks_project_file>
	<FileVersion major="1" minor="6"/>
	<Project>
		<Option title="libvector"/>
		<Option makefile_is_custom="1"/>
		<Option compiler="gcc"/>
		<Option virtualFolders="CMake Files\;CMake Files\srcs\;CMake Files\srcs\lib\;CMake Files\srcs\lib\libft\;CMake Files\srcs\lib\libhash\;CMake Files\srcs\lib\vector\;"/>
		<Build>
			<Target title="all">
				<Option working_dir="/Users/nkertzma/Documents/42sh/srcs/lib/vector"/>
				<Option type="4"/>
				<MakeCommands>
					<Build command="/usr/bin/make -f &quot;/Users/nkertzma/Documents/42sh/srcs/lib/vector/Makefile&quot;  VERBOSE=1 all"/>
					<CompileFile command="/usr/bin/make -f &quot;/Users/nkertzma/Documents/42sh/srcs/lib/vector/Makefile&quot;  VERBOSE=1 &quot;$file&quot;"/>
					<Clean command="/usr/bin/make -f &quot;/Users/nkertzma/Documents/42sh/srcs/lib/vector/Makefile&quot;  VERBOSE=1 clean"/>
					<DistClean command="/usr/bin/make -f &quot;/Users/nkertzma/Documents/42sh/srcs/lib/vector/Makefile&quot;  VERBOSE=1 clean"/>
				</MakeCommands>
			</Target>
			<Target title="vector">
				<Option output="/Users/nkertzma/Documents/42sh/srcs/lib/vector/libvector.a" prefix_auto="0" extension_auto="0"/>
				<Option working_dir="/Users/nkertzma/Documents/42sh/srcs/lib/vector"/>
				<Option object_output="./"/>
				<Option type="2"/>
				<Option compiler="gcc"/>
				<Compiler>
					<Add directory="/Users/nkertzma/Documents/42sh/includes"/>
					<Add directory="/Users/nkertzma/Documents/42sh/srcs/parser"/>
					<Add directory="/Users/nkertzma/Documents/42sh/srcs/lib/libft/includes"/>
					<Add directory="/Users/nkertzma/Documents/42sh/srcs/lib/libhash/includes"/>
					<Add directory="/Users/nkertzma/Documents/42sh/srcs/lib/vector/includes"/>
					<Add directory="/Users/nkertzma/Documents/42sh/srcs/lib/vector/../libft/includes"/>
				</Compiler>
				<MakeCommands>
					<Build command="/usr/bin/make -f &quot;/Users/nkertzma/Documents/42sh/srcs/lib/vector/Makefile&quot;  VERBOSE=1 vector"/>
					<CompileFile command="/usr/bin/make -f &quot;/Users/nkertzma/Documents/42sh/srcs/lib/vector/Makefile&quot;  VERBOSE=1 &quot;$file&quot;"/>
					<Clean command="/usr/bin/make -f &quot;/Users/nkertzma/Documents/42sh/srcs/lib/vector/Makefile&quot;  VERBOSE=1 clean"/>
					<DistClean command="/usr/bin/make -f &quot;/Users/nkertzma/Documents/42sh/srcs/lib/vector/Makefile&quot;  VERBOSE=1 clean"/>
				</MakeCommands>
			</Target>
			<Target title="vector/fast">
				<Option output="/Users/nkertzma/Documents/42sh/srcs/lib/vector/libvector.a" prefix_auto="0" extension_auto="0"/>
				<Option working_dir="/Users/nkertzma/Documents/42sh/srcs/lib/vector"/>
				<Option object_output="./"/>
				<Option type="2"/>
				<Option compiler="gcc"/>
				<Compiler>
					<Add directory="/Users/nkertzma/Documents/42sh/includes"/>
					<Add directory="/Users/nkertzma/Documents/42sh/srcs/parser"/>
					<Add directory="/Users/nkertzma/Documents/42sh/srcs/lib/libft/includes"/>
					<Add directory="/Users/nkertzma/Documents/42sh/srcs/lib/libhash/includes"/>
					<Add directory="/Users/nkertzma/Documents/42sh/srcs/lib/vector/includes"/>
					<Add directory="/Users/nkertzma/Documents/42sh/srcs/lib/vector/../libft/includes"/>
				</Compiler>
				<MakeCommands>
					<Build command="/usr/bin/make -f &quot;/Users/nkertzma/Documents/42sh/srcs/lib/vector/Makefile&quot;  VERBOSE=1 vector/fast"/>
					<CompileFile command="/usr/bin/make -f &quot;/Users/nkertzma/Documents/42sh/srcs/lib/vector/Makefile&quot;  VERBOSE=1 &quot;$file&quot;"/>
					<Clean command="/usr/bin/make -f &quot;/Users/nkertzma/Documents/42sh/srcs/lib/vector/Makefile&quot;  VERBOSE=1 clean"/>
					<DistClean command="/usr/bin/make -f &quot;/Users/nkertzma/Documents/42sh/srcs/lib/vector/Makefile&quot;  VERBOSE=1 clean"/>
				</MakeCommands>
			</Target>
		</Build>
		<Unit filename="/Users/nkertzma/Documents/42sh/srcs/lib/vector/srcs/ft_ceil.c">
			<Option target="vector"/>
		</Unit>
		<Unit filename="/Users/nkertzma/Documents/42sh/srcs/lib/vector/srcs/ft_floorl.c">
			<Option target="vector"/>
		</Unit>
		<Unit filename="/Users/nkertzma/Documents/42sh/srcs/lib/vector/srcs/vector_back.c">
			<Option target="vector"/>
		</Unit>
		<Unit filename="/Users/nkertzma/Documents/42sh/srcs/lib/vector/srcs/vector_create.c">
			<Option target="vector"/>
		</Unit>
		<Unit filename="/Users/nkertzma/Documents/42sh/srcs/lib/vector/srcs/vector_foreach.c">
			<Option target="vector"/>
		</Unit>
		<Unit filename="/Users/nkertzma/Documents/42sh/srcs/lib/vector/srcs/vector_free.c">
			<Option target="vector"/>
		</Unit>
		<Unit filename="/Users/nkertzma/Documents/42sh/srcs/lib/vector/srcs/vector_front.c">
			<Option target="vector"/>
		</Unit>
		<Unit filename="/Users/nkertzma/Documents/42sh/srcs/lib/vector/srcs/vector_get_elem.c">
			<Option target="vector"/>
		</Unit>
		<Unit filename="/Users/nkertzma/Documents/42sh/srcs/lib/vector/srcs/vector_get_len.c">
			<Option target="vector"/>
		</Unit>
		<Unit filename="/Users/nkertzma/Documents/42sh/srcs/lib/vector/srcs/vector_is_empty.c">
			<Option target="vector"/>
		</Unit>
		<Unit filename="/Users/nkertzma/Documents/42sh/srcs/lib/vector/srcs/vector_pop_back.c">
			<Option target="vector"/>
		</Unit>
		<Unit filename="/Users/nkertzma/Documents/42sh/srcs/lib/vector/srcs/vector_push_back.c">
			<Option target="vector"/>
		</Unit>
		<Unit filename="/Users/nkertzma/Documents/42sh/srcs/lib/vector/srcs/vector_to_array.c">
			<Option target="vector"/>
		</Unit>
		<Unit filename="/Users/nkertzma/Documents/42sh/CMakeLists.txt">
			<Option virtualFolder="CMake Files\"/>
		</Unit>
		<Unit filename="/Users/nkertzma/Documents/42sh/srcs/lib/libft/CMakeLists.txt">
			<Option virtualFolder="CMake Files\srcs\lib\libft\"/>
		</Unit>
		<Unit filename="/Users/nkertzma/Documents/42sh/srcs/lib/libhash/CMakeLists.txt">
			<Option virtualFolder="CMake Files\srcs\lib\libhash\"/>
		</Unit>
		<Unit filename="/Users/nkertzma/Documents/42sh/srcs/lib/vector/CMakeLists.txt">
			<Option virtualFolder="CMake Files\srcs\lib\vector\"/>
		</Unit>
	</Project>
</CodeBlocks_project_file>
